
Microsoft Visual Studio Solution File, Format Version 12.00
# Visual Studio Version 16
VisualStudioVersion = 16.0.31702.278
MinimumVisualStudioVersion = 10.0.40219.1
Project("{FAE04EC0-301F-11D3-BF4B-00C04F79EFBC}") = "TicketSystem", "TicketSystem\TicketSystem.csproj", "{DE7FDA66-9321-4DD0-A92F-1320CEF7EF84}"
EndProject
Global
	GlobalSection(SolutionConfigurationPlatforms) = preSolution
		Debug|Any CPU = Debug|Any CPU
		Release|Any CPU = Release|Any CPU
	EndGlobalSection
	GlobalSection(ProjectConfigurationPlatforms) = postSolution
		{DE7FDA66-9321-4DD0-A92F-1320CEF7EF84}.Debug|Any CPU.ActiveCfg = Debug|Any CPU
		{DE7FDA66-9321-4DD0-A92F-1320CEF7EF84}.Debug|Any CPU.Build.0 = Debug|Any CPU
		{DE7FDA66-9321-4DD0-A92F-1320CEF7EF84}.Release|Any CPU.ActiveCfg = Release|Any CPU
		{DE7FDA66-9321-4DD0-A92F-1320CEF7EF84}.Release|Any CPU.Build.0 = Release|Any CPU
	EndGlobalSection
	GlobalSection(SolutionProperties) = preSolution
		HideSolutionNode = FALSE
	EndGlobalSection
	GlobalSection(ExtensibilityGlobals) = postSolution
		SolutionGuid = {BA5BF1E8-9CFC-47DE-9233-201C2B6C46E3}
	EndGlobalSection
EndGlobal
